{
  "name": "@clarion-app/types",
  "version": "1.0.3",
  "lockfileVersion": 2,
  "requires": true,
  "packages": {
    "": {
      "name": "@clarion-app/types",
      "version": "1.0.3",
      "license": "MIT",
      "dependencies": {
        "laravel-echo": "^1.16.1",
        "pusher-js": "^8.4.0-rc2"
      },
      "devDependencies": {
        "typescript": "^5.5.3"
      }
    },
    "node_modules/laravel-echo": {
      "version": "1.16.1",
      "resolved": "https://registry.npmjs.org/laravel-echo/-/laravel-echo-1.16.1.tgz",
      "integrity": "sha512-++Ylb6M3ariC9Rk5WE5gZjj6wcEV5kvLF8b+geJ5/rRIfdoOA+eG6b9qJPrarMD9rY28Apx+l3eelIrCc2skVg==",
      "engines": {
        "node": ">=10"
      }
    },
    "node_modules/pusher-js": {
      "version": "8.4.0-rc2",
      "resolved": "https://registry.npmjs.org/pusher-js/-/pusher-js-8.4.0-rc2.tgz",
      "integrity": "sha512-d87GjOEEl9QgO5BWmViSqW0LOzPvybvX6WA9zLUstNdB57jVJuR27zHkRnrav2a3+zAMlHbP2Og8wug+rG8T+g==",
      "dependencies": {
        "tweetnacl": "^1.0.3"
      }
    },
    "node_modules/tweetnacl": {
      "version": "1.0.3",
      "resolved": "https://registry.npmjs.org/tweetnacl/-/tweetnacl-1.0.3.tgz",
      "integrity": "sha512-6rt+RN7aOi1nGMyC4Xa5DdYiukl2UWCbcJft7YhxReBGQD7OAM8Pbxw6YMo4r2diNEA8FEmu32YOn9rhaiE5yw=="
    },
    "node_modules/typescript": {
      "version": "5.5.3",
      "resolved": "https://registry.npmjs.org/typescript/-/typescript-5.5.3.tgz",
      "integrity": "sha512-/hreyEujaB0w76zKo6717l3L0o/qEUtRgdvUBvlkhoWeOVMjMuHNHk0BRBzikzuGDqNmPQbg5ifMEqsHLiIUcQ==",
      "dev": true,
      "bin": {
        "tsc": "bin/tsc",
        "tsserver": "bin/tsserver"
      },
      "engines": {
        "node": ">=14.17"
      }
    }
  },
  "dependencies": {
    "laravel-echo": {
      "version": "1.16.1",
      "resolved": "https://registry.npmjs.org/laravel-echo/-/laravel-echo-1.16.1.tgz",
      "integrity": "sha512-++Ylb6M3ariC9Rk5WE5gZjj6wcEV5kvLF8b+geJ5/rRIfdoOA+eG6b9qJPrarMD9rY28Apx+l3eelIrCc2skVg=="
    },
    "pusher-js": {
      "version": "8.4.0-rc2",
      "resolved": "https://registry.npmjs.org/pusher-js/-/pusher-js-8.4.0-rc2.tgz",
      "integrity": "sha512-d87GjOEEl9QgO5BWmViSqW0LOzPvybvX6WA9zLUstNdB57jVJuR27zHkRnrav2a3+zAMlHbP2Og8wug+rG8T+g==",
      "requires": {
        "tweetnacl": "^1.0.3"
      }
    },
    "tweetnacl": {
      "version": "1.0.3",
      "resolved": "https://registry.npmjs.org/tweetnacl/-/tweetnacl-1.0.3.tgz",
      "integrity": "sha512-6rt+RN7aOi1nGMyC4Xa5DdYiukl2UWCbcJft7YhxReBGQD7OAM8Pbxw6YMo4r2diNEA8FEmu32YOn9rhaiE5yw=="
    },
    "typescript": {
      "version": "5.5.3",
      "resolved": "https://registry.npmjs.org/typescript/-/typescript-5.5.3.tgz",
      "integrity": "sha512-/hreyEujaB0w76zKo6717l3L0o/qEUtRgdvUBvlkhoWeOVMjMuHNHk0BRBzikzuGDqNmPQbg5ifMEqsHLiIUcQ==",
      "dev": true
    }
  }
}
